// !$*UTF8*$!
{
	archiveVersion = 1;
	classes = {
	};
	objectVersion = 56;
	objects = {

/* Begin PBXBuildFile section */
		950E252929DAD59C00FA1289 /* IngredientDetailView.swift in Sources */ = {isa = PBXBuildFile; fileRef = 950E252829DAD59C00FA1289 /* IngredientDetailView.swift */; };
		956C9E1029D1BAE200DE1FA0 /* ViewRecipeList.swift in Sources */ = {isa = PBXBuildFile; fileRef = 956C9E0F29D1BAE200DE1FA0 /* ViewRecipeList.swift */; };
		956C9E1229D1BAF100DE1FA0 /* ViewFoodStorage.swift in Sources */ = {isa = PBXBuildFile; fileRef = 956C9E1129D1BAF100DE1FA0 /* ViewFoodStorage.swift */; };
		956C9E1429D1BAFA00DE1FA0 /* ViewHealth.swift in Sources */ = {isa = PBXBuildFile; fileRef = 956C9E1329D1BAFA00DE1FA0 /* ViewHealth.swift */; };
		956C9E1829D1BB1100DE1FA0 /* ViewProfile.swift in Sources */ = {isa = PBXBuildFile; fileRef = 956C9E1729D1BB1100DE1FA0 /* ViewProfile.swift */; };
		957AAC5C29DF063C00983738 /* Ingredient.swift in Sources */ = {isa = PBXBuildFile; fileRef = 957AAC5B29DF063C00983738 /* Ingredient.swift */; };
		957AAC5E29DF071D00983738 /* Recipe.swift in Sources */ = {isa = PBXBuildFile; fileRef = 957AAC5D29DF071D00983738 /* Recipe.swift */; };
		957AAC6129DF094E00983738 /* RecipeManager.swift in Sources */ = {isa = PBXBuildFile; fileRef = 957AAC6029DF094E00983738 /* RecipeManager.swift */; };
		957AAC6329DF0B6500983738 /* RecipeDetailView.swift in Sources */ = {isa = PBXBuildFile; fileRef = 957AAC6229DF0B6500983738 /* RecipeDetailView.swift */; };
		957AAC6529DF10ED00983738 /* AsyncImageView.swift in Sources */ = {isa = PBXBuildFile; fileRef = 957AAC6429DF10ED00983738 /* AsyncImageView.swift */; };
		957AAC6B29DF389D00983738 /* IngredientManager.swift in Sources */ = {isa = PBXBuildFile; fileRef = 957AAC6A29DF389D00983738 /* IngredientManager.swift */; };
		957AAC6D29DFCCE500983738 /* Nutrition.swift in Sources */ = {isa = PBXBuildFile; fileRef = 957AAC6C29DFCCE500983738 /* Nutrition.swift */; };
		95B98BF629C88D2C00EF4E73 /* MealerApp.swift in Sources */ = {isa = PBXBuildFile; fileRef = 95B98BF529C88D2C00EF4E73 /* MealerApp.swift */; };
		95B98BF829C88D2C00EF4E73 /* ContentView.swift in Sources */ = {isa = PBXBuildFile; fileRef = 95B98BF729C88D2C00EF4E73 /* ContentView.swift */; };
		95B98BFA29C88D2D00EF4E73 /* Assets.xcassets in Resources */ = {isa = PBXBuildFile; fileRef = 95B98BF929C88D2D00EF4E73 /* Assets.xcassets */; };
		95B98BFD29C88D2D00EF4E73 /* Preview Assets.xcassets in Resources */ = {isa = PBXBuildFile; fileRef = 95B98BFC29C88D2D00EF4E73 /* Preview Assets.xcassets */; };
		95B98C0429C88D8E00EF4E73 /* ScannerView.swift in Sources */ = {isa = PBXBuildFile; fileRef = 95B98C0329C88D8E00EF4E73 /* ScannerView.swift */; };
		95B98C0629C88D9B00EF4E73 /* TextRecognizer.swift in Sources */ = {isa = PBXBuildFile; fileRef = 95B98C0529C88D9B00EF4E73 /* TextRecognizer.swift */; };
		95B98C0829C88DA100EF4E73 /* ScanData.swift in Sources */ = {isa = PBXBuildFile; fileRef = 95B98C0729C88DA100EF4E73 /* ScanData.swift */; };
		95E2C90029DC41930017F6EB /* Extensions.swift in Sources */ = {isa = PBXBuildFile; fileRef = 95E2C8FF29DC41930017F6EB /* Extensions.swift */; };
/* End PBXBuildFile section */

/* Begin PBXFileReference section */
		950E252829DAD59C00FA1289 /* IngredientDetailView.swift */ = {isa = PBXFileReference; lastKnownFileType = sourcecode.swift; path = IngredientDetailView.swift; sourceTree = "<group>"; };
		956C9E0F29D1BAE200DE1FA0 /* ViewRecipeList.swift */ = {isa = PBXFileReference; lastKnownFileType = sourcecode.swift; path = ViewRecipeList.swift; sourceTree = "<group>"; };
		956C9E1129D1BAF100DE1FA0 /* ViewFoodStorage.swift */ = {isa = PBXFileReference; lastKnownFileType = sourcecode.swift; path = ViewFoodStorage.swift; sourceTree = "<group>"; };
		956C9E1329D1BAFA00DE1FA0 /* ViewHealth.swift */ = {isa = PBXFileReference; lastKnownFileType = sourcecode.swift; path = ViewHealth.swift; sourceTree = "<group>"; };
		956C9E1729D1BB1100DE1FA0 /* ViewProfile.swift */ = {isa = PBXFileReference; lastKnownFileType = sourcecode.swift; path = ViewProfile.swift; sourceTree = "<group>"; };
		957AAC5B29DF063C00983738 /* Ingredient.swift */ = {isa = PBXFileReference; lastKnownFileType = sourcecode.swift; path = Ingredient.swift; sourceTree = "<group>"; };
		957AAC5D29DF071D00983738 /* Recipe.swift */ = {isa = PBXFileReference; lastKnownFileType = sourcecode.swift; path = Recipe.swift; sourceTree = "<group>"; };
		957AAC6029DF094E00983738 /* RecipeManager.swift */ = {isa = PBXFileReference; lastKnownFileType = sourcecode.swift; path = RecipeManager.swift; sourceTree = "<group>"; };
		957AAC6229DF0B6500983738 /* RecipeDetailView.swift */ = {isa = PBXFileReference; lastKnownFileType = sourcecode.swift; path = RecipeDetailView.swift; sourceTree = "<group>"; };
		957AAC6429DF10ED00983738 /* AsyncImageView.swift */ = {isa = PBXFileReference; lastKnownFileType = sourcecode.swift; path = AsyncImageView.swift; sourceTree = "<group>"; };
		957AAC6A29DF389D00983738 /* IngredientManager.swift */ = {isa = PBXFileReference; lastKnownFileType = sourcecode.swift; path = IngredientManager.swift; sourceTree = "<group>"; };
		957AAC6C29DFCCE500983738 /* Nutrition.swift */ = {isa = PBXFileReference; lastKnownFileType = sourcecode.swift; path = Nutrition.swift; sourceTree = "<group>"; };
		95B98BF229C88D2C00EF4E73 /* Mealer.app */ = {isa = PBXFileReference; explicitFileType = wrapper.application; includeInIndex = 0; path = Mealer.app; sourceTree = BUILT_PRODUCTS_DIR; };
		95B98BF529C88D2C00EF4E73 /* MealerApp.swift */ = {isa = PBXFileReference; lastKnownFileType = sourcecode.swift; path = MealerApp.swift; sourceTree = "<group>"; };
		95B98BF729C88D2C00EF4E73 /* ContentView.swift */ = {isa = PBXFileReference; lastKnownFileType = sourcecode.swift; path = ContentView.swift; sourceTree = "<group>"; };
		95B98BF929C88D2D00EF4E73 /* Assets.xcassets */ = {isa = PBXFileReference; lastKnownFileType = folder.assetcatalog; path = Assets.xcassets; sourceTree = "<group>"; };
		95B98BFC29C88D2D00EF4E73 /* Preview Assets.xcassets */ = {isa = PBXFileReference; lastKnownFileType = folder.assetcatalog; path = "Preview Assets.xcassets"; sourceTree = "<group>"; };
		95B98C0329C88D8E00EF4E73 /* ScannerView.swift */ = {isa = PBXFileReference; lastKnownFileType = sourcecode.swift; path = ScannerView.swift; sourceTree = "<group>"; };
		95B98C0529C88D9B00EF4E73 /* TextRecognizer.swift */ = {isa = PBXFileReference; lastKnownFileType = sourcecode.swift; path = TextRecognizer.swift; sourceTree = "<group>"; };
		95B98C0729C88DA100EF4E73 /* ScanData.swift */ = {isa = PBXFileReference; lastKnownFileType = sourcecode.swift; path = ScanData.swift; sourceTree = "<group>"; };
		95E2C8FF29DC41930017F6EB /* Extensions.swift */ = {isa = PBXFileReference; lastKnownFileType = sourcecode.swift; path = Extensions.swift; sourceTree = "<group>"; };
/* End PBXFileReference section */

/* Begin PBXFrameworksBuildPhase section */
		95B98BEF29C88D2C00EF4E73 /* Frameworks */ = {
			isa = PBXFrameworksBuildPhase;
			buildActionMask = 2147483647;
			files = (
			);
			runOnlyForDeploymentPostprocessing = 0;
		};
/* End PBXFrameworksBuildPhase section */

/* Begin PBXGroup section */
		956C9E0E29D1BAC800DE1FA0 /* Views */ = {
			isa = PBXGroup;
			children = (
				956C9E0F29D1BAE200DE1FA0 /* ViewRecipeList.swift */,
				956C9E1129D1BAF100DE1FA0 /* ViewFoodStorage.swift */,
				956C9E1329D1BAFA00DE1FA0 /* ViewHealth.swift */,
				956C9E1729D1BB1100DE1FA0 /* ViewProfile.swift */,
				950E252829DAD59C00FA1289 /* IngredientDetailView.swift */,
				957AAC6229DF0B6500983738 /* RecipeDetailView.swift */,
			);
			path = Views;
			sourceTree = "<group>";
		};
		957AAC5A29DF05D900983738 /* Model */ = {
			isa = PBXGroup;
			children = (
				957AAC5B29DF063C00983738 /* Ingredient.swift */,
				957AAC5D29DF071D00983738 /* Recipe.swift */,
				957AAC6C29DFCCE500983738 /* Nutrition.swift */,
			);
			path = Model;
			sourceTree = "<group>";
		};
		957AAC5F29DF092400983738 /* Managers */ = {
			isa = PBXGroup;
			children = (
				957AAC6029DF094E00983738 /* RecipeManager.swift */,
				957AAC6A29DF389D00983738 /* IngredientManager.swift */,
			);
			path = Managers;
			sourceTree = "<group>";
		};
		95B98BE929C88D2C00EF4E73 = {
			isa = PBXGroup;
			children = (
				95B98BF429C88D2C00EF4E73 /* Mealer */,
				95B98BF329C88D2C00EF4E73 /* Products */,
			);
			sourceTree = "<group>";
		};
		95B98BF329C88D2C00EF4E73 /* Products */ = {
			isa = PBXGroup;
			children = (
				95B98BF229C88D2C00EF4E73 /* Mealer.app */,
			);
			name = Products;
			sourceTree = "<group>";
		};
		95B98BF429C88D2C00EF4E73 /* Mealer */ = {
			isa = PBXGroup;
			children = (
				957AAC5F29DF092400983738 /* Managers */,
				957AAC5A29DF05D900983738 /* Model */,
				95E2C8FE29DC41850017F6EB /* Helpers */,
				956C9E0E29D1BAC800DE1FA0 /* Views */,
				95B98BF529C88D2C00EF4E73 /* MealerApp.swift */,
				95B98BF729C88D2C00EF4E73 /* ContentView.swift */,
				95B98C0329C88D8E00EF4E73 /* ScannerView.swift */,
				95B98C0529C88D9B00EF4E73 /* TextRecognizer.swift */,
				95B98C0729C88DA100EF4E73 /* ScanData.swift */,
				95B98BF929C88D2D00EF4E73 /* Assets.xcassets */,
				95B98BFB29C88D2D00EF4E73 /* Preview Content */,
			);
			path = Mealer;
			sourceTree = "<group>";
		};
		95B98BFB29C88D2D00EF4E73 /* Preview Content */ = {
			isa = PBXGroup;
			children = (
				95B98BFC29C88D2D00EF4E73 /* Preview Assets.xcassets */,
			);
			path = "Preview Content";
			sourceTree = "<group>";
		};
		95E2C8FE29DC41850017F6EB /* Helpers */ = {
			isa = PBXGroup;
			children = (
				95E2C8FF29DC41930017F6EB /* Extensions.swift */,
				957AAC6429DF10ED00983738 /* AsyncImageView.swift */,
			);
			path = Helpers;
			sourceTree = "<group>";
		};
/* End PBXGroup section */

/* Begin PBXNativeTarget section */
		95B98BF129C88D2C00EF4E73 /* Mealer */ = {
			isa = PBXNativeTarget;
			buildConfigurationList = 95B98C0029C88D2D00EF4E73 /* Build configuration list for PBXNativeTarget "Mealer" */;
			buildPhases = (
				95B98BEE29C88D2C00EF4E73 /* Sources */,
				95B98BEF29C88D2C00EF4E73 /* Frameworks */,
				95B98BF029C88D2C00EF4E73 /* Resources */,
			);
			buildRules = (
			);
			dependencies = (
			);
			name = Mealer;
			productName = Mealer;
			productReference = 95B98BF229C88D2C00EF4E73 /* Mealer.app */;
			productType = "com.apple.product-type.application";
		};
/* End PBXNativeTarget section */

/* Begin PBXProject section */
		95B98BEA29C88D2C00EF4E73 /* Project object */ = {
			isa = PBXProject;
			attributes = {
				BuildIndependentTargetsInParallel = 1;
				LastSwiftUpdateCheck = 1420;
				LastUpgradeCheck = 1420;
				TargetAttributes = {
					95B98BF129C88D2C00EF4E73 = {
						CreatedOnToolsVersion = 14.2;
					};
				};
			};
			buildConfigurationList = 95B98BED29C88D2C00EF4E73 /* Build configuration list for PBXProject "Mealer" */;
			compatibilityVersion = "Xcode 14.0";
			developmentRegion = en;
			hasScannedForEncodings = 0;
			knownRegions = (
				en,
				Base,
			);
			mainGroup = 95B98BE929C88D2C00EF4E73;
			productRefGroup = 95B98BF329C88D2C00EF4E73 /* Products */;
			projectDirPath = "";
			projectRoot = "";
			targets = (
				95B98BF129C88D2C00EF4E73 /* Mealer */,
			);
		};
/* End PBXProject section */

/* Begin PBXResourcesBuildPhase section */
		95B98BF029C88D2C00EF4E73 /* Resources */ = {
			isa = PBXResourcesBuildPhase;
			buildActionMask = 2147483647;
			files = (
				95B98BFD29C88D2D00EF4E73 /* Preview Assets.xcassets in Resources */,
				95B98BFA29C88D2D00EF4E73 /* Assets.xcassets in Resources */,
			);
			runOnlyForDeploymentPostprocessing = 0;
		};
/* End PBXResourcesBuildPhase section */

/* Begin PBXSourcesBuildPhase section */
		95B98BEE29C88D2C00EF4E73 /* Sources */ = {
			isa = PBXSourcesBuildPhase;
			buildActionMask = 2147483647;
			files = (
				95B98C0629C88D9B00EF4E73 /* TextRecognizer.swift in Sources */,
				957AAC6329DF0B6500983738 /* RecipeDetailView.swift in Sources */,
				95B98C0429C88D8E00EF4E73 /* ScannerView.swift in Sources */,
				95B98BF829C88D2C00EF4E73 /* ContentView.swift in Sources */,
				956C9E1229D1BAF100DE1FA0 /* ViewFoodStorage.swift in Sources */,
				956C9E1429D1BAFA00DE1FA0 /* ViewHealth.swift in Sources */,
				956C9E1829D1BB1100DE1FA0 /* ViewProfile.swift in Sources */,
				95B98BF629C88D2C00EF4E73 /* MealerApp.swift in Sources */,
				957AAC6D29DFCCE500983738 /* Nutrition.swift in Sources */,
				956C9E1029D1BAE200DE1FA0 /* ViewRecipeList.swift in Sources */,
				957AAC5C29DF063C00983738 /* Ingredient.swift in Sources */,
				950E252929DAD59C00FA1289 /* IngredientDetailView.swift in Sources */,
				957AAC6529DF10ED00983738 /* AsyncImageView.swift in Sources */,
				957AAC6B29DF389D00983738 /* IngredientManager.swift in Sources */,
				957AAC5E29DF071D00983738 /* Recipe.swift in Sources */,
				957AAC6129DF094E00983738 /* RecipeManager.swift in Sources */,
				95E2C90029DC41930017F6EB /* Extensions.swift in Sources */,
				95B98C0829C88DA100EF4E73 /* ScanData.swift in Sources */,
			);
			runOnlyForDeploymentPostprocessing = 0;
		};
/* End PBXSourcesBuildPhase section */

/* Begin XCBuildConfiguration section */
		95B98BFE29C88D2D00EF4E73 /* Debug */ = {
			isa = XCBuildConfiguration;
			buildSettings = {
				ALWAYS_SEARCH_USER_PATHS = NO;
				CLANG_ANALYZER_NONNULL = YES;
				CLANG_ANALYZER_NUMBER_OBJECT_CONVERSION = YES_AGGRESSIVE;
				CLANG_CXX_LANGUAGE_STANDARD = "gnu++20";
				CLANG_ENABLE_MODULES = YES;
				CLANG_ENABLE_OBJC_ARC = YES;
				CLANG_ENABLE_OBJC_WEAK = YES;
				CLANG_WARN_BLOCK_CAPTURE_AUTORELEASING = YES;
				CLANG_WARN_BOOL_CONVERSION = YES;
				CLANG_WARN_COMMA = YES;
				CLANG_WARN_CONSTANT_CONVERSION = YES;
				CLANG_WARN_DEPRECATED_OBJC_IMPLEMENTATIONS = YES;
				CLANG_WARN_DIRECT_OBJC_ISA_USAGE = YES_ERROR;
				CLANG_WARN_DOCUMENTATION_COMMENTS = YES;
				CLANG_WARN_EMPTY_BODY = YES;
				CLANG_WARN_ENUM_CONVERSION = YES;
				CLANG_WARN_INFINITE_RECURSION = YES;
				CLANG_WARN_INT_CONVERSION = YES;
				CLANG_WARN_NON_LITERAL_NULL_CONVERSION = YES;
				CLANG_WARN_OBJC_IMPLICIT_RETAIN_SELF = YES;
				CLANG_WARN_OBJC_LITERAL_CONVERSION = YES;
				CLANG_WARN_OBJC_ROOT_CLASS = YES_ERROR;
				CLANG_WARN_QUOTED_INCLUDE_IN_FRAMEWORK_HEADER = YES;
				CLANG_WARN_RANGE_LOOP_ANALYSIS = YES;
				CLANG_WARN_STRICT_PROTOTYPES = YES;
				CLANG_WARN_SUSPICIOUS_MOVE = YES;
				CLANG_WARN_UNGUARDED_AVAILABILITY = YES_AGGRESSIVE;
				CLANG_WARN_UNREACHABLE_CODE = YES;
				CLANG_WARN__DUPLICATE_METHOD_MATCH = YES;
				COPY_PHASE_STRIP = NO;
				DEBUG_INFORMATION_FORMAT = dwarf;
				ENABLE_STRICT_OBJC_MSGSEND = YES;
				ENABLE_TESTABILITY = YES;
				GCC_C_LANGUAGE_STANDARD = gnu11;
				GCC_DYNAMIC_NO_PIC = NO;
				GCC_NO_COMMON_BLOCKS = YES;
				GCC_OPTIMIZATION_LEVEL = 0;
				GCC_PREPROCESSOR_DEFINITIONS = (
					"DEBUG=1",
					"$(inherited)",
				);
				GCC_WARN_64_TO_32_BIT_CONVERSION = YES;
				GCC_WARN_ABOUT_RETURN_TYPE = YES_ERROR;
				GCC_WARN_UNDECLARED_SELECTOR = YES;
				GCC_WARN_UNINITIALIZED_AUTOS = YES_AGGRESSIVE;
				GCC_WARN_UNUSED_FUNCTION = YES;
				GCC_WARN_UNUSED_VARIABLE = YES;
				IPHONEOS_DEPLOYMENT_TARGET = 16.2;
				MTL_ENABLE_DEBUG_INFO = INCLUDE_SOURCE;
				MTL_FAST_MATH = YES;
				ONLY_ACTIVE_ARCH = YES;
				SDKROOT = iphoneos;
				SWIFT_ACTIVE_COMPILATION_CONDITIONS = DEBUG;
				SWIFT_OPTIMIZATION_LEVEL = "-Onone";
			};
			name = Debug;
		};
		95B98BFF29C88D2D00EF4E73 /* Release */ = {
			isa = XCBuildConfiguration;
			buildSettings = {
				ALWAYS_SEARCH_USER_PATHS = NO;
				CLANG_ANALYZER_NONNULL = YES;
				CLANG_ANALYZER_NUMBER_OBJECT_CONVERSION = YES_AGGRESSIVE;
				CLANG_CXX_LANGUAGE_STANDARD = "gnu++20";
				CLANG_ENABLE_MODULES = YES;
				CLANG_ENABLE_OBJC_ARC = YES;
				CLANG_ENABLE_OBJC_WEAK = YES;
				CLANG_WARN_BLOCK_CAPTURE_AUTORELEASING = YES;
				CLANG_WARN_BOOL_CONVERSION = YES;
				CLANG_WARN_COMMA = YES;
				CLANG_WARN_CONSTANT_CONVERSION = YES;
				CLANG_WARN_DEPRECATED_OBJC_IMPLEMENTATIONS = YES;
				CLANG_WARN_DIRECT_OBJC_ISA_USAGE = YES_ERROR;
				CLANG_WARN_DOCUMENTATION_COMMENTS = YES;
				CLANG_WARN_EMPTY_BODY = YES;
				CLANG_WARN_ENUM_CONVERSION = YES;
				CLANG_WARN_INFINITE_RECURSION = YES;
				CLANG_WARN_INT_CONVERSION = YES;
				CLANG_WARN_NON_LITERAL_NULL_CONVERSION = YES;
				CLANG_WARN_OBJC_IMPLICIT_RETAIN_SELF = YES;
				CLANG_WARN_OBJC_LITERAL_CONVERSION = YES;
				CLANG_WARN_OBJC_ROOT_CLASS = YES_ERROR;
				CLANG_WARN_QUOTED_INCLUDE_IN_FRAMEWORK_HEADER = YES;
				CLANG_WARN_RANGE_LOOP_ANALYSIS = YES;
				CLANG_WARN_STRICT_PROTOTYPES = YES;
				CLANG_WARN_SUSPICIOUS_MOVE = YES;
				CLANG_WARN_UNGUARDED_AVAILABILITY = YES_AGGRESSIVE;
				CLANG_WARN_UNREACHABLE_CODE = YES;
				CLANG_WARN__DUPLICATE_METHOD_MATCH = YES;
				COPY_PHASE_STRIP = NO;
				DEBUG_INFORMATION_FORMAT = "dwarf-with-dsym";
				ENABLE_NS_ASSERTIONS = NO;
				ENABLE_STRICT_OBJC_MSGSEND = YES;
				GCC_C_LANGUAGE_STANDARD = gnu11;
				GCC_NO_COMMON_BLOCKS = YES;
				GCC_WARN_64_TO_32_BIT_CONVERSION = YES;
				GCC_WARN_ABOUT_RETURN_TYPE = YES_ERROR;
				GCC_WARN_UNDECLARED_SELECTOR = YES;
				GCC_WARN_UNINITIALIZED_AUTOS = YES_AGGRESSIVE;
				GCC_WARN_UNUSED_FUNCTION = YES;
				GCC_WARN_UNUSED_VARIABLE = YES;
				IPHONEOS_DEPLOYMENT_TARGET = 16.2;
				MTL_ENABLE_DEBUG_INFO = NO;
				MTL_FAST_MATH = YES;
				SDKROOT = iphoneos;
				SWIFT_COMPILATION_MODE = wholemodule;
				SWIFT_OPTIMIZATION_LEVEL = "-O";
				VALIDATE_PRODUCT = YES;
			};
			name = Release;
		};
		95B98C0129C88D2D00EF4E73 /* Debug */ = {
			isa = XCBuildConfiguration;
			buildSettings = {
				ASSETCATALOG_COMPILER_APPICON_NAME = AppIcon;
				"ASSETCATALOG_COMPILER_APPICON_NAME[sdk=iphoneos*]" = AppIcon;
				ASSETCATALOG_COMPILER_GLOBAL_ACCENT_COLOR_NAME = AccentColor;
				ASSETCATALOG_COMPILER_INCLUDE_ALL_APPICON_ASSETS = NO;
				CODE_SIGN_STYLE = Automatic;
				CURRENT_PROJECT_VERSION = 1;
				DEVELOPMENT_ASSET_PATHS = "\"Mealer/Preview Content\"";
				DEVELOPMENT_TEAM = 4V5234KR24;
				ENABLE_PREVIEWS = YES;
				GENERATE_INFOPLIST_FILE = YES;
				INFOPLIST_KEY_NSCameraUsageDescription = "Mealer requires permission to scan files";
				INFOPLIST_KEY_UIApplicationSceneManifest_Generation = YES;
				INFOPLIST_KEY_UIApplicationSupportsIndirectInputEvents = YES;
				INFOPLIST_KEY_UILaunchScreen_Generation = YES;
				INFOPLIST_KEY_UISupportedInterfaceOrientations_iPad = "UIInterfaceOrientationPortrait UIInterfaceOrientationPortraitUpsideDown UIInterfaceOrientationLandscapeLeft UIInterfaceOrientationLandscapeRight";
				INFOPLIST_KEY_UISupportedInterfaceOrientations_iPhone = "UIInterfaceOrientationPortrait UIInterfaceOrientationLandscapeLeft UIInterfaceOrientationLandscapeRight";
				LD_RUNPATH_SEARCH_PATHS = (
					"$(inherited)",
					"@executable_path/Frameworks",
				);
				MARKETING_VERSION = 1.0;
				PRODUCT_BUNDLE_IDENTIFIER = com.ids.Mealer;
				PRODUCT_NAME = "$(TARGET_NAME)";
				SWIFT_EMIT_LOC_STRINGS = YES;
				SWIFT_VERSION = 5.0;
				TARGETED_DEVICE_FAMILY = "1,2";
			};
			name = Debug;
		};
		95B98C0229C88D2D00EF4E73 /* Release */ = {
			isa = XCBuildConfiguration;
			buildSettings = {
				ASSETCATALOG_COMPILER_APPICON_NAME = AppIcon;
				ASSETCATALOG_COMPILER_GLOBAL_ACCENT_COLOR_NAME = AccentColor;
				ASSETCATALOG_COMPILER_INCLUDE_ALL_APPICON_ASSETS = NO;
				CODE_SIGN_STYLE = Automatic;
				CURRENT_PROJECT_VERSION = 1;
				DEVELOPMENT_ASSET_PATHS = "\"Mealer/Preview Content\"";
				DEVELOPMENT_TEAM = 4V5234KR24;
				ENABLE_PREVIEWS = YES;
				GENERATE_INFOPLIST_FILE = YES;
				INFOPLIST_KEY_NSCameraUsageDescription = "Mealer requires permission to scan files";
				INFOPLIST_KEY_UIApplicationSceneManifest_Generation = YES;
				INFOPLIST_KEY_UIApplicationSupportsIndirectInputEvents = YES;
				INFOPLIST_KEY_UILaunchScreen_Generation = YES;
				INFOPLIST_KEY_UISupportedInterfaceOrientations_iPad = "UIInterfaceOrientationPortrait UIInterfaceOrientationPortraitUpsideDown UIInterfaceOrientationLandscapeLeft UIInterfaceOrientationLandscapeRight";
				INFOPLIST_KEY_UISupportedInterfaceOrientations_iPhone = "UIInterfaceOrientationPortrait UIInterfaceOrientationLandscapeLeft UIInterfaceOrientationLandscapeRight";
				LD_RUNPATH_SEARCH_PATHS = (
					"$(inherited)",
					"@executable_path/Frameworks",
				);
				MARKETING_VERSION = 1.0;
				PRODUCT_BUNDLE_IDENTIFIER = com.ids.Mealer;
				PRODUCT_NAME = "$(TARGET_NAME)";
				SWIFT_EMIT_LOC_STRINGS = YES;
				SWIFT_VERSION = 5.0;
				TARGETED_DEVICE_FAMILY = "1,2";
			};
			name = Release;
		};
/* End XCBuildConfiguration section */

/* Begin XCConfigurationList section */
		95B98BED29C88D2C00EF4E73 /* Build configuration list for PBXProject "Mealer" */ = {
			isa = XCConfigurationList;
			buildConfigurations = (
				95B98BFE29C88D2D00EF4E73 /* Debug */,
				95B98BFF29C88D2D00EF4E73 /* Release */,
			);
			defaultConfigurationIsVisible = 0;
			defaultConfigurationName = Release;
		};
		95B98C0029C88D2D00EF4E73 /* Build configuration list for PBXNativeTarget "Mealer" */ = {
			isa = XCConfigurationList;
			buildConfigurations = (
				95B98C0129C88D2D00EF4E73 /* Debug */,
				95B98C0229C88D2D00EF4E73 /* Release */,
			);
			defaultConfigurationIsVisible = 0;
			defaultConfigurationName = Release;
		};
/* End XCConfigurationList section */
	};
	rootObject = 95B98BEA29C88D2C00EF4E73 /* Project object */;
}
